
Microsoft Visual Studio Solution File, Format Version 12.00
# Visual Studio Version 17
VisualStudioVersion = 17.0.31903.59
MinimumVisualStudioVersion = 10.0.40219.1
Project("{9A19103F-16F7-4668-BE54-9A1E7A4F7556}") = "clase1", "clase1\clase1.csproj", "{E45E26A1-CA81-49B1-81D3-8E88B913841C}"
EndProject
Project("{9A19103F-16F7-4668-BE54-9A1E7A4F7556}") = "clase2", "clase2\clase2.csproj", "{508DF99E-DD78-4930-9AB3-9FB3CAC8170E}"
EndProject
Project("{9A19103F-16F7-4668-BE54-9A1E7A4F7556}") = "clase5_fletes", "clase5_fletes\clase5_fletes.csproj", "{613082E3-22AC-47DC-9634-9BE32A52C183}"
EndProject
Project("{9A19103F-16F7-4668-BE54-9A1E7A4F7556}") = "clase12_vocales", "clase12_vocales\clase12_vocales.csproj", "{6DDF024F-AD4C-4B3B-8A14-7F15DA7C6934}"
EndProject
Project("{9A19103F-16F7-4668-BE54-9A1E7A4F7556}") = "anagram", "anagram\anagram.csproj", "{D84BB383-E68E-4076-8170-D55CAB1D89F3}"
EndProject
Project("{9A19103F-16F7-4668-BE54-9A1E7A4F7556}") = "clase 11_calc", "clase 11\clase 11_calc.csproj", "{56216ACB-482F-4EC2-B063-7B80791ED019}"
EndProject
Project("{9A19103F-16F7-4668-BE54-9A1E7A4F7556}") = "clase 12_f_to_c", "clase 12\clase 12_f_to_c.csproj", "{7C94B350-9429-4D25-BCE1-A1AC6AE5FD8F}"
EndProject
Project("{9A19103F-16F7-4668-BE54-9A1E7A4F7556}") = "clase 7_triangulo", "clase 7_triangulo\clase 7_triangulo.csproj", "{3210DD60-7BA2-4964-B84F-DFF9ABA18BD2}"
EndProject
Project("{9A19103F-16F7-4668-BE54-9A1E7A4F7556}") = "clase 9_yearBisiesto", "clase 9_yearBisiesto\clase 9_yearBisiesto.csproj", "{3C24D6EC-4BF6-4FCC-B06E-5F21469A1B3D}"
EndProject
Project("{9A19103F-16F7-4668-BE54-9A1E7A4F7556}") = "clase10_num_rom", "clase10\clase10_num_rom.csproj", "{23018C34-AD3E-42ED-AD1D-C5BE23AF9D5B}"
EndProject
Project("{9A19103F-16F7-4668-BE54-9A1E7A4F7556}") = "clase10_5 pasos", "clase10_ejer\clase10_5 pasos.csproj", "{3AFD2C87-45FC-46B1-AF0A-0422DAD07D02}"
EndProject
Project("{9A19103F-16F7-4668-BE54-9A1E7A4F7556}") = "clase13", "clase13\clase13.csproj", "{D76F2635-D918-4527-8188-08BD9DE70BED}"
EndProject
Project("{9A19103F-16F7-4668-BE54-9A1E7A4F7556}") = "clase5_f_to_c", "clase5\clase5_f_to_c.csproj", "{BD66BA68-06B2-4396-9E83-32B4E18B74C4}"
EndProject
Project("{9A19103F-16F7-4668-BE54-9A1E7A4F7556}") = "clase6", "clase6\clase6.csproj", "{C255E47A-6451-4370-8DE3-3CC79A4DD497}"
EndProject
Project("{9A19103F-16F7-4668-BE54-9A1E7A4F7556}") = "clase7_prog6", "clase7_prog6\clase7_prog6.csproj", "{AA2F57FE-6B3F-4254-B273-3B7FF1F0F291}"
EndProject
Project("{9A19103F-16F7-4668-BE54-9A1E7A4F7556}") = "clase8_num_to_zero", "clase8\clase8_num_to_zero.csproj", "{A549E65B-3842-4CDC-9D4F-259791337B52}"
EndProject
Project("{9A19103F-16F7-4668-BE54-9A1E7A4F7556}") = "clase9_billetes", "clase9_billetes\clase9_billetes.csproj", "{2C336DC6-30FB-4DDB-BAF6-BF477EE87CAF}"
EndProject
Project("{9A19103F-16F7-4668-BE54-9A1E7A4F7556}") = "clase9_numRandom", "clase9_numRandom\clase9_numRandom.csproj", "{CDEC6658-1681-427B-8A93-B0EA08B4BA85}"
EndProject
Project("{9A19103F-16F7-4668-BE54-9A1E7A4F7556}") = "masterFinal", "masterFinal\masterFinal.csproj", "{35C292E8-C526-41AE-94FB-F5B39C364865}"
EndProject
Global
	GlobalSection(SolutionConfigurationPlatforms) = preSolution
		Debug|Any CPU = Debug|Any CPU
		Release|Any CPU = Release|Any CPU
	EndGlobalSection
	GlobalSection(ProjectConfigurationPlatforms) = postSolution
		{E45E26A1-CA81-49B1-81D3-8E88B913841C}.Debug|Any CPU.ActiveCfg = Debug|Any CPU
		{E45E26A1-CA81-49B1-81D3-8E88B913841C}.Debug|Any CPU.Build.0 = Debug|Any CPU
		{E45E26A1-CA81-49B1-81D3-8E88B913841C}.Release|Any CPU.ActiveCfg = Release|Any CPU
		{E45E26A1-CA81-49B1-81D3-8E88B913841C}.Release|Any CPU.Build.0 = Release|Any CPU
		{508DF99E-DD78-4930-9AB3-9FB3CAC8170E}.Debug|Any CPU.ActiveCfg = Debug|Any CPU
		{508DF99E-DD78-4930-9AB3-9FB3CAC8170E}.Debug|Any CPU.Build.0 = Debug|Any CPU
		{508DF99E-DD78-4930-9AB3-9FB3CAC8170E}.Release|Any CPU.ActiveCfg = Release|Any CPU
		{508DF99E-DD78-4930-9AB3-9FB3CAC8170E}.Release|Any CPU.Build.0 = Release|Any CPU
		{613082E3-22AC-47DC-9634-9BE32A52C183}.Debug|Any CPU.ActiveCfg = Debug|Any CPU
		{613082E3-22AC-47DC-9634-9BE32A52C183}.Debug|Any CPU.Build.0 = Debug|Any CPU
		{613082E3-22AC-47DC-9634-9BE32A52C183}.Release|Any CPU.ActiveCfg = Release|Any CPU
		{613082E3-22AC-47DC-9634-9BE32A52C183}.Release|Any CPU.Build.0 = Release|Any CPU
		{6DDF024F-AD4C-4B3B-8A14-7F15DA7C6934}.Debug|Any CPU.ActiveCfg = Debug|Any CPU
		{6DDF024F-AD4C-4B3B-8A14-7F15DA7C6934}.Debug|Any CPU.Build.0 = Debug|Any CPU
		{6DDF024F-AD4C-4B3B-8A14-7F15DA7C6934}.Release|Any CPU.ActiveCfg = Release|Any CPU
		{6DDF024F-AD4C-4B3B-8A14-7F15DA7C6934}.Release|Any CPU.Build.0 = Release|Any CPU
		{D84BB383-E68E-4076-8170-D55CAB1D89F3}.Debug|Any CPU.ActiveCfg = Debug|Any CPU
		{D84BB383-E68E-4076-8170-D55CAB1D89F3}.Debug|Any CPU.Build.0 = Debug|Any CPU
		{D84BB383-E68E-4076-8170-D55CAB1D89F3}.Release|Any CPU.ActiveCfg = Release|Any CPU
		{D84BB383-E68E-4076-8170-D55CAB1D89F3}.Release|Any CPU.Build.0 = Release|Any CPU
		{56216ACB-482F-4EC2-B063-7B80791ED019}.Debug|Any CPU.ActiveCfg = Debug|Any CPU
		{56216ACB-482F-4EC2-B063-7B80791ED019}.Debug|Any CPU.Build.0 = Debug|Any CPU
		{56216ACB-482F-4EC2-B063-7B80791ED019}.Release|Any CPU.ActiveCfg = Release|Any CPU
		{56216ACB-482F-4EC2-B063-7B80791ED019}.Release|Any CPU.Build.0 = Release|Any CPU
		{7C94B350-9429-4D25-BCE1-A1AC6AE5FD8F}.Debug|Any CPU.ActiveCfg = Debug|Any CPU
		{7C94B350-9429-4D25-BCE1-A1AC6AE5FD8F}.Debug|Any CPU.Build.0 = Debug|Any CPU
		{7C94B350-9429-4D25-BCE1-A1AC6AE5FD8F}.Release|Any CPU.ActiveCfg = Release|Any CPU
		{7C94B350-9429-4D25-BCE1-A1AC6AE5FD8F}.Release|Any CPU.Build.0 = Release|Any CPU
		{3210DD60-7BA2-4964-B84F-DFF9ABA18BD2}.Debug|Any CPU.ActiveCfg = Debug|Any CPU
		{3210DD60-7BA2-4964-B84F-DFF9ABA18BD2}.Debug|Any CPU.Build.0 = Debug|Any CPU
		{3210DD60-7BA2-4964-B84F-DFF9ABA18BD2}.Release|Any CPU.ActiveCfg = Release|Any CPU
		{3210DD60-7BA2-4964-B84F-DFF9ABA18BD2}.Release|Any CPU.Build.0 = Release|Any CPU
		{3C24D6EC-4BF6-4FCC-B06E-5F21469A1B3D}.Debug|Any CPU.ActiveCfg = Debug|Any CPU
		{3C24D6EC-4BF6-4FCC-B06E-5F21469A1B3D}.Debug|Any CPU.Build.0 = Debug|Any CPU
		{3C24D6EC-4BF6-4FCC-B06E-5F21469A1B3D}.Release|Any CPU.ActiveCfg = Release|Any CPU
		{3C24D6EC-4BF6-4FCC-B06E-5F21469A1B3D}.Release|Any CPU.Build.0 = Release|Any CPU
		{23018C34-AD3E-42ED-AD1D-C5BE23AF9D5B}.Debug|Any CPU.ActiveCfg = Debug|Any CPU
		{23018C34-AD3E-42ED-AD1D-C5BE23AF9D5B}.Debug|Any CPU.Build.0 = Debug|Any CPU
		{23018C34-AD3E-42ED-AD1D-C5BE23AF9D5B}.Release|Any CPU.ActiveCfg = Release|Any CPU
		{23018C34-AD3E-42ED-AD1D-C5BE23AF9D5B}.Release|Any CPU.Build.0 = Release|Any CPU
		{3AFD2C87-45FC-46B1-AF0A-0422DAD07D02}.Debug|Any CPU.ActiveCfg = Debug|Any CPU
		{3AFD2C87-45FC-46B1-AF0A-0422DAD07D02}.Debug|Any CPU.Build.0 = Debug|Any CPU
		{3AFD2C87-45FC-46B1-AF0A-0422DAD07D02}.Release|Any CPU.ActiveCfg = Release|Any CPU
		{3AFD2C87-45FC-46B1-AF0A-0422DAD07D02}.Release|Any CPU.Build.0 = Release|Any CPU
		{D76F2635-D918-4527-8188-08BD9DE70BED}.Debug|Any CPU.ActiveCfg = Debug|Any CPU
		{D76F2635-D918-4527-8188-08BD9DE70BED}.Debug|Any CPU.Build.0 = Debug|Any CPU
		{D76F2635-D918-4527-8188-08BD9DE70BED}.Release|Any CPU.ActiveCfg = Release|Any CPU
		{D76F2635-D918-4527-8188-08BD9DE70BED}.Release|Any CPU.Build.0 = Release|Any CPU
		{BD66BA68-06B2-4396-9E83-32B4E18B74C4}.Debug|Any CPU.ActiveCfg = Debug|Any CPU
		{BD66BA68-06B2-4396-9E83-32B4E18B74C4}.Debug|Any CPU.Build.0 = Debug|Any CPU
		{BD66BA68-06B2-4396-9E83-32B4E18B74C4}.Release|Any CPU.ActiveCfg = Release|Any CPU
		{BD66BA68-06B2-4396-9E83-32B4E18B74C4}.Release|Any CPU.Build.0 = Release|Any CPU
		{C255E47A-6451-4370-8DE3-3CC79A4DD497}.Debug|Any CPU.ActiveCfg = Debug|Any CPU
		{C255E47A-6451-4370-8DE3-3CC79A4DD497}.Debug|Any CPU.Build.0 = Debug|Any CPU
		{C255E47A-6451-4370-8DE3-3CC79A4DD497}.Release|Any CPU.ActiveCfg = Release|Any CPU
		{C255E47A-6451-4370-8DE3-3CC79A4DD497}.Release|Any CPU.Build.0 = Release|Any CPU
		{AA2F57FE-6B3F-4254-B273-3B7FF1F0F291}.Debug|Any CPU.ActiveCfg = Debug|Any CPU
		{AA2F57FE-6B3F-4254-B273-3B7FF1F0F291}.Debug|Any CPU.Build.0 = Debug|Any CPU
		{AA2F57FE-6B3F-4254-B273-3B7FF1F0F291}.Release|Any CPU.ActiveCfg = Release|Any CPU
		{AA2F57FE-6B3F-4254-B273-3B7FF1F0F291}.Release|Any CPU.Build.0 = Release|Any CPU
		{A549E65B-3842-4CDC-9D4F-259791337B52}.Debug|Any CPU.ActiveCfg = Debug|Any CPU
		{A549E65B-3842-4CDC-9D4F-259791337B52}.Debug|Any CPU.Build.0 = Debug|Any CPU
		{A549E65B-3842-4CDC-9D4F-259791337B52}.Release|Any CPU.ActiveCfg = Release|Any CPU
		{A549E65B-3842-4CDC-9D4F-259791337B52}.Release|Any CPU.Build.0 = Release|Any CPU
		{2C336DC6-30FB-4DDB-BAF6-BF477EE87CAF}.Debug|Any CPU.ActiveCfg = Debug|Any CPU
		{2C336DC6-30FB-4DDB-BAF6-BF477EE87CAF}.Debug|Any CPU.Build.0 = Debug|Any CPU
		{2C336DC6-30FB-4DDB-BAF6-BF477EE87CAF}.Release|Any CPU.ActiveCfg = Release|Any CPU
		{2C336DC6-30FB-4DDB-BAF6-BF477EE87CAF}.Release|Any CPU.Build.0 = Release|Any CPU
		{CDEC6658-1681-427B-8A93-B0EA08B4BA85}.Debug|Any CPU.ActiveCfg = Debug|Any CPU
		{CDEC6658-1681-427B-8A93-B0EA08B4BA85}.Debug|Any CPU.Build.0 = Debug|Any CPU
		{CDEC6658-1681-427B-8A93-B0EA08B4BA85}.Release|Any CPU.ActiveCfg = Release|Any CPU
		{CDEC6658-1681-427B-8A93-B0EA08B4BA85}.Release|Any CPU.Build.0 = Release|Any CPU
		{35C292E8-C526-41AE-94FB-F5B39C364865}.Debug|Any CPU.ActiveCfg = Debug|Any CPU
		{35C292E8-C526-41AE-94FB-F5B39C364865}.Debug|Any CPU.Build.0 = Debug|Any CPU
		{35C292E8-C526-41AE-94FB-F5B39C364865}.Release|Any CPU.ActiveCfg = Release|Any CPU
		{35C292E8-C526-41AE-94FB-F5B39C364865}.Release|Any CPU.Build.0 = Release|Any CPU
	EndGlobalSection
	GlobalSection(SolutionProperties) = preSolution
		HideSolutionNode = FALSE
	EndGlobalSection
	GlobalSection(ExtensibilityGlobals) = postSolution
		SolutionGuid = {EAEC9C85-7D27-4410-B2A1-B712ADB5219B}
	EndGlobalSection
EndGlobal
