
Microsoft Visual Studio Solution File, Format Version 12.00
# Visual Studio Version 17
VisualStudioVersion = 17.7.34221.43
MinimumVisualStudioVersion = 10.0.40219.1
Project("{9A19103F-16F7-4668-BE54-9A1E7A4F7556}") = "entregaBilletes", "clase9\entregaBilletes\entregaBilletes.csproj", "{86920498-6ECF-408F-861E-2BEAD8F457C7}"
EndProject
Project("{9A19103F-16F7-4668-BE54-9A1E7A4F7556}") = "numRandom", "clase9\numRandom\numRandom.csproj", "{F6DB0F30-630C-4957-8345-7D13E196E954}"
EndProject
Project("{9A19103F-16F7-4668-BE54-9A1E7A4F7556}") = "yearBisiesto", "clase9\yearBisiesto\yearBisiesto.csproj", "{31600886-C3DB-48D4-A0E5-E6B02E9C04D8}"
EndProject
Global
	GlobalSection(SolutionConfigurationPlatforms) = preSolution
		Debug|Any CPU = Debug|Any CPU
		Release|Any CPU = Release|Any CPU
	EndGlobalSection
	GlobalSection(ProjectConfigurationPlatforms) = postSolution
		{86920498-6ECF-408F-861E-2BEAD8F457C7}.Debug|Any CPU.ActiveCfg = Debug|Any CPU
		{86920498-6ECF-408F-861E-2BEAD8F457C7}.Debug|Any CPU.Build.0 = Debug|Any CPU
		{86920498-6ECF-408F-861E-2BEAD8F457C7}.Release|Any CPU.ActiveCfg = Release|Any CPU
		{86920498-6ECF-408F-861E-2BEAD8F457C7}.Release|Any CPU.Build.0 = Release|Any CPU
		{F6DB0F30-630C-4957-8345-7D13E196E954}.Debug|Any CPU.ActiveCfg = Debug|Any CPU
		{F6DB0F30-630C-4957-8345-7D13E196E954}.Debug|Any CPU.Build.0 = Debug|Any CPU
		{F6DB0F30-630C-4957-8345-7D13E196E954}.Release|Any CPU.ActiveCfg = Release|Any CPU
		{F6DB0F30-630C-4957-8345-7D13E196E954}.Release|Any CPU.Build.0 = Release|Any CPU
		{31600886-C3DB-48D4-A0E5-E6B02E9C04D8}.Debug|Any CPU.ActiveCfg = Debug|Any CPU
		{31600886-C3DB-48D4-A0E5-E6B02E9C04D8}.Debug|Any CPU.Build.0 = Debug|Any CPU
		{31600886-C3DB-48D4-A0E5-E6B02E9C04D8}.Release|Any CPU.ActiveCfg = Release|Any CPU
		{31600886-C3DB-48D4-A0E5-E6B02E9C04D8}.Release|Any CPU.Build.0 = Release|Any CPU
	EndGlobalSection
	GlobalSection(SolutionProperties) = preSolution
		HideSolutionNode = FALSE
	EndGlobalSection
	GlobalSection(ExtensibilityGlobals) = postSolution
		SolutionGuid = {9F5E14EF-A979-4713-A95E-078B3645223C}
	EndGlobalSection
EndGlobal
