
Microsoft Visual Studio Solution File, Format Version 12.00
# Visual Studio Version 17
VisualStudioVersion = 17.5.002.0
MinimumVisualStudioVersion = 10.0.40219.1
Project("{9A19103F-16F7-4668-BE54-9A1E7A4F7556}") = "clase5_fletes", "clase5_fletes.csproj", "{A3920CE4-35D9-4A78-BD56-EFDDD8D31859}"
EndProject
Global
	GlobalSection(SolutionConfigurationPlatforms) = preSolution
		Debug|Any CPU = Debug|Any CPU
		Release|Any CPU = Release|Any CPU
	EndGlobalSection
	GlobalSection(ProjectConfigurationPlatforms) = postSolution
		{A3920CE4-35D9-4A78-BD56-EFDDD8D31859}.Debug|Any CPU.ActiveCfg = Debug|Any CPU
		{A3920CE4-35D9-4A78-BD56-EFDDD8D31859}.Debug|Any CPU.Build.0 = Debug|Any CPU
		{A3920CE4-35D9-4A78-BD56-EFDDD8D31859}.Release|Any CPU.ActiveCfg = Release|Any CPU
		{A3920CE4-35D9-4A78-BD56-EFDDD8D31859}.Release|Any CPU.Build.0 = Release|Any CPU
	EndGlobalSection
	GlobalSection(SolutionProperties) = preSolution
		HideSolutionNode = FALSE
	EndGlobalSection
	GlobalSection(ExtensibilityGlobals) = postSolution
		SolutionGuid = {AB842F4C-1295-4667-A81F-62B9326D59B1}
	EndGlobalSection
EndGlobal
